
Microsoft Visual Studio Solution File, Format Version 12.00
# Visual Studio Version 17
VisualStudioVersion = 17.2.32616.157
MinimumVisualStudioVersion = 10.0.40219.1
Project("{FAE04EC0-301F-11D3-BF4B-00C04F79EFBC}") = "ProniaTask", "ProniaTask\ProniaTask.csproj", "{6C9C9D43-281A-4BB9-ADC9-20DA3F04BACA}"
EndProject
Global
	GlobalSection(SolutionConfigurationPlatforms) = preSolution
		Debug|Any CPU = Debug|Any CPU
		Release|Any CPU = Release|Any CPU
	EndGlobalSection
	GlobalSection(ProjectConfigurationPlatforms) = postSolution
		{6C9C9D43-281A-4BB9-ADC9-20DA3F04BACA}.Debug|Any CPU.ActiveCfg = Debug|Any CPU
		{6C9C9D43-281A-4BB9-ADC9-20DA3F04BACA}.Debug|Any CPU.Build.0 = Debug|Any CPU
		{6C9C9D43-281A-4BB9-ADC9-20DA3F04BACA}.Release|Any CPU.ActiveCfg = Release|Any CPU
		{6C9C9D43-281A-4BB9-ADC9-20DA3F04BACA}.Release|Any CPU.Build.0 = Release|Any CPU
	EndGlobalSection
	GlobalSection(SolutionProperties) = preSolution
		HideSolutionNode = FALSE
	EndGlobalSection
	GlobalSection(ExtensibilityGlobals) = postSolution
		SolutionGuid = {CDDEE572-A7BE-481E-B9FD-B1841E388827}
	EndGlobalSection
EndGlobal
